{
  "name": "better-version-codealong",
  "version": "1.0.0",
  "lockfileVersion": 2,
  "requires": true,
  "packages": {
    "": {
      "name": "better-version-codealong",
      "version": "1.0.0",
      "license": "ISC",
      "dependencies": {
        "date-fns": "^3.0.0"
      }
    },
    "node_modules/date-fns": {
      "version": "3.0.5",
      "resolved": "https://registry.npmjs.org/date-fns/-/date-fns-3.0.5.tgz",
      "integrity": "sha512-Q4Tq5c5s/Zl/zbgdWf6pejn9ru7UwdIlLfvEEg1hVsQNQ7LKt76qIduagIT9OPK7+JCv1mAKherdU6bOqGYDnw==",
      "funding": {
        "type": "github",
        "url": "https://github.com/sponsors/kossnocorp"
      }
    }
  },
  "dependencies": {
    "date-fns": {
      "version": "3.0.5",
      "resolved": "https://registry.npmjs.org/date-fns/-/date-fns-3.0.5.tgz",
      "integrity": "sha512-Q4Tq5c5s/Zl/zbgdWf6pejn9ru7UwdIlLfvEEg1hVsQNQ7LKt76qIduagIT9OPK7+JCv1mAKherdU6bOqGYDnw=="
    }
  }
}
